
Microsoft Visual Studio Solution File, Format Version 11.00
# Visual Studio 2010
Project("{FAE04EC0-301F-11D3-BF4B-00C04F79EFBC}") = "Scrappy", "Scrappy\Scrappy.csproj", "{040240E8-86EA-4FE0-BCF9-39153DCA580F}"
EndProject
Global
	GlobalSection(SolutionConfigurationPlatforms) = preSolution
		Debug|Any CPU = Debug|Any CPU
		Release|Any CPU = Release|Any CPU
	EndGlobalSection
	GlobalSection(ProjectConfigurationPlatforms) = postSolution
		{040240E8-86EA-4FE0-BCF9-39153DCA580F}.Debug|Any CPU.ActiveCfg = Debug|Any CPU
		{040240E8-86EA-4FE0-BCF9-39153DCA580F}.Debug|Any CPU.Build.0 = Debug|Any CPU
		{040240E8-86EA-4FE0-BCF9-39153DCA580F}.Release|Any CPU.ActiveCfg = Release|Any CPU
		{040240E8-86EA-4FE0-BCF9-39153DCA580F}.Release|Any CPU.Build.0 = Release|Any CPU
	EndGlobalSection
	GlobalSection(MonoDevelopProperties) = preSolution
		StartupItem = Scrappy\Scrappy.csproj
		version = 1.0
	EndGlobalSection
	GlobalSection(SolutionProperties) = preSolution
		HideSolutionNode = FALSE
	EndGlobalSection
EndGlobal
